// !$*UTF8*$!
{
	archiveVersion = 1;
	classes = {
	};
	objectVersion = 50;
	objects = {

/* Begin PBXBuildFile section */
		8523E1FF24440576008E53AD /* AppDelegate.swift in Sources */ = {isa = PBXBuildFile; fileRef = 8523E1FE24440576008E53AD /* AppDelegate.swift */; };
		8523E20124440576008E53AD /* SceneDelegate.swift in Sources */ = {isa = PBXBuildFile; fileRef = 8523E20024440576008E53AD /* SceneDelegate.swift */; };
		8523E20324440576008E53AD /* ViewController.swift in Sources */ = {isa = PBXBuildFile; fileRef = 8523E20224440576008E53AD /* ViewController.swift */; };
		8523E20624440576008E53AD /* Main.storyboard in Resources */ = {isa = PBXBuildFile; fileRef = 8523E20424440576008E53AD /* Main.storyboard */; };
		8523E20824440577008E53AD /* Assets.xcassets in Resources */ = {isa = PBXBuildFile; fileRef = 8523E20724440577008E53AD /* Assets.xcassets */; };
		8523E20B24440577008E53AD /* LaunchScreen.storyboard in Resources */ = {isa = PBXBuildFile; fileRef = 8523E20924440577008E53AD /* LaunchScreen.storyboard */; };
		8523E21624440577008E53AD /* journey_explorerTests.swift in Sources */ = {isa = PBXBuildFile; fileRef = 8523E21524440577008E53AD /* journey_explorerTests.swift */; };
		8523E22124440577008E53AD /* journey_explorerUITests.swift in Sources */ = {isa = PBXBuildFile; fileRef = 8523E22024440577008E53AD /* journey_explorerUITests.swift */; };
		8523E238244414ED008E53AD /* journey.storyboard in Resources */ = {isa = PBXBuildFile; fileRef = 8523E237244414ED008E53AD /* journey.storyboard */; };
		8523E23A24441529008E53AD /* explorer.storyboard in Resources */ = {isa = PBXBuildFile; fileRef = 8523E23924441529008E53AD /* explorer.storyboard */; };
		8523E23F24450432008E53AD /* Journey.swift in Sources */ = {isa = PBXBuildFile; fileRef = 8523E23E24450432008E53AD /* Journey.swift */; };
		8523E24124450BC6008E53AD /* Explorer.swift in Sources */ = {isa = PBXBuildFile; fileRef = 8523E24024450BC6008E53AD /* Explorer.swift */; };
		8523E24324451222008E53AD /* JourneyRepository.swift in Sources */ = {isa = PBXBuildFile; fileRef = 8523E24224451222008E53AD /* JourneyRepository.swift */; };
		8523E24524451236008E53AD /* ExplorerRepository.swift in Sources */ = {isa = PBXBuildFile; fileRef = 8523E24424451236008E53AD /* ExplorerRepository.swift */; };
		8523E25524474996008E53AD /* journeyCollectionViewCell.swift in Sources */ = {isa = PBXBuildFile; fileRef = 8523E25424474996008E53AD /* journeyCollectionViewCell.swift */; };
		8523E257244749B4008E53AD /* journeyTableViewCell.swift in Sources */ = {isa = PBXBuildFile; fileRef = 8523E256244749B4008E53AD /* journeyTableViewCell.swift */; };
		8523E25924474ACA008E53AD /* journeyTableViewController.swift in Sources */ = {isa = PBXBuildFile; fileRef = 8523E25824474ACA008E53AD /* journeyTableViewController.swift */; };
		8523E25E2447876A008E53AD /* journeyDetail.storyboard in Resources */ = {isa = PBXBuildFile; fileRef = 8523E25D2447876A008E53AD /* journeyDetail.storyboard */; };
		855E22A7244D15A100D79146 /* explorerViewController.swift in Sources */ = {isa = PBXBuildFile; fileRef = 855E22A6244D15A100D79146 /* explorerViewController.swift */; };
		8578EF892447CDE100D9BE50 /* thumbnailTableViewCell.swift in Sources */ = {isa = PBXBuildFile; fileRef = 8578EF872447CDE100D9BE50 /* thumbnailTableViewCell.swift */; };
		8578EF8A2447CDE100D9BE50 /* thumbnailTableViewCell.xib in Resources */ = {isa = PBXBuildFile; fileRef = 8578EF882447CDE100D9BE50 /* thumbnailTableViewCell.xib */; };
		8578EF8D2447CE0100D9BE50 /* descriptionTableViewCell.swift in Sources */ = {isa = PBXBuildFile; fileRef = 8578EF8B2447CE0100D9BE50 /* descriptionTableViewCell.swift */; };
		8578EF8E2447CE0100D9BE50 /* descriptionTableViewCell.xib in Resources */ = {isa = PBXBuildFile; fileRef = 8578EF8C2447CE0100D9BE50 /* descriptionTableViewCell.xib */; };
		8578EF912447CE2200D9BE50 /* learningGoalsTableViewCell.swift in Sources */ = {isa = PBXBuildFile; fileRef = 8578EF8F2447CE2200D9BE50 /* learningGoalsTableViewCell.swift */; };
		8578EF922447CE2200D9BE50 /* learningGoalsTableViewCell.xib in Resources */ = {isa = PBXBuildFile; fileRef = 8578EF902447CE2200D9BE50 /* learningGoalsTableViewCell.xib */; };
		8578EF952447CE3D00D9BE50 /* constraintsTableViewCell.swift in Sources */ = {isa = PBXBuildFile; fileRef = 8578EF932447CE3D00D9BE50 /* constraintsTableViewCell.swift */; };
		8578EF962447CE3D00D9BE50 /* constraintsTableViewCell.xib in Resources */ = {isa = PBXBuildFile; fileRef = 8578EF942447CE3D00D9BE50 /* constraintsTableViewCell.xib */; };
		8578EF992447CE5400D9BE50 /* deliverablesTableViewCell.swift in Sources */ = {isa = PBXBuildFile; fileRef = 8578EF972447CE5400D9BE50 /* deliverablesTableViewCell.swift */; };
		8578EF9A2447CE5400D9BE50 /* deliverablesTableViewCell.xib in Resources */ = {isa = PBXBuildFile; fileRef = 8578EF982447CE5400D9BE50 /* deliverablesTableViewCell.xib */; };
		8578EF9E24480F2D00D9BE50 /* journeyDetailViewController.swift in Sources */ = {isa = PBXBuildFile; fileRef = 8578EF9D24480F2C00D9BE50 /* journeyDetailViewController.swift */; };
		8578EFA024487FCC00D9BE50 /* JourneyDetailSection.swift in Sources */ = {isa = PBXBuildFile; fileRef = 8578EF9F24487FCC00D9BE50 /* JourneyDetailSection.swift */; };
		8578EFA824491DAA00D9BE50 /* explorerCollectionViewCell.swift in Sources */ = {isa = PBXBuildFile; fileRef = 8578EFA624491DAA00D9BE50 /* explorerCollectionViewCell.swift */; };
		8578EFA924491DAA00D9BE50 /* explorerCollectionViewCell.xib in Resources */ = {isa = PBXBuildFile; fileRef = 8578EFA724491DAA00D9BE50 /* explorerCollectionViewCell.xib */; };
		8578EFAB244CC95E00D9BE50 /* journeyDetailTableViewController.swift in Sources */ = {isa = PBXBuildFile; fileRef = 8578EFAA244CC95E00D9BE50 /* journeyDetailTableViewController.swift */; };
/* End PBXBuildFile section */

/* Begin PBXContainerItemProxy section */
		8523E21224440577008E53AD /* PBXContainerItemProxy */ = {
			isa = PBXContainerItemProxy;
			containerPortal = 8523E1F324440576008E53AD /* Project object */;
			proxyType = 1;
			remoteGlobalIDString = 8523E1FA24440576008E53AD;
			remoteInfo = "journey-explorer";
		};
		8523E21D24440577008E53AD /* PBXContainerItemProxy */ = {
			isa = PBXContainerItemProxy;
			containerPortal = 8523E1F324440576008E53AD /* Project object */;
			proxyType = 1;
			remoteGlobalIDString = 8523E1FA24440576008E53AD;
			remoteInfo = "journey-explorer";
		};
/* End PBXContainerItemProxy section */

/* Begin PBXFileReference section */
		8523E1FB24440576008E53AD /* journey-explorer.app */ = {isa = PBXFileReference; explicitFileType = wrapper.application; includeInIndex = 0; path = "journey-explorer.app"; sourceTree = BUILT_PRODUCTS_DIR; };
		8523E1FE24440576008E53AD /* AppDelegate.swift */ = {isa = PBXFileReference; lastKnownFileType = sourcecode.swift; path = AppDelegate.swift; sourceTree = "<group>"; };
		8523E20024440576008E53AD /* SceneDelegate.swift */ = {isa = PBXFileReference; lastKnownFileType = sourcecode.swift; path = SceneDelegate.swift; sourceTree = "<group>"; };
		8523E20224440576008E53AD /* ViewController.swift */ = {isa = PBXFileReference; lastKnownFileType = sourcecode.swift; path = ViewController.swift; sourceTree = "<group>"; };
		8523E20524440576008E53AD /* Base */ = {isa = PBXFileReference; lastKnownFileType = file.storyboard; name = Base; path = Base.lproj/Main.storyboard; sourceTree = "<group>"; };
		8523E20724440577008E53AD /* Assets.xcassets */ = {isa = PBXFileReference; lastKnownFileType = folder.assetcatalog; path = Assets.xcassets; sourceTree = "<group>"; };
		8523E20A24440577008E53AD /* Base */ = {isa = PBXFileReference; lastKnownFileType = file.storyboard; name = Base; path = Base.lproj/LaunchScreen.storyboard; sourceTree = "<group>"; };
		8523E20C24440577008E53AD /* Info.plist */ = {isa = PBXFileReference; lastKnownFileType = text.plist.xml; path = Info.plist; sourceTree = "<group>"; };
		8523E21124440577008E53AD /* journey-explorerTests.xctest */ = {isa = PBXFileReference; explicitFileType = wrapper.cfbundle; includeInIndex = 0; path = "journey-explorerTests.xctest"; sourceTree = BUILT_PRODUCTS_DIR; };
		8523E21524440577008E53AD /* journey_explorerTests.swift */ = {isa = PBXFileReference; lastKnownFileType = sourcecode.swift; path = journey_explorerTests.swift; sourceTree = "<group>"; };
		8523E21724440577008E53AD /* Info.plist */ = {isa = PBXFileReference; lastKnownFileType = text.plist.xml; path = Info.plist; sourceTree = "<group>"; };
		8523E21C24440577008E53AD /* journey-explorerUITests.xctest */ = {isa = PBXFileReference; explicitFileType = wrapper.cfbundle; includeInIndex = 0; path = "journey-explorerUITests.xctest"; sourceTree = BUILT_PRODUCTS_DIR; };
		8523E22024440577008E53AD /* journey_explorerUITests.swift */ = {isa = PBXFileReference; lastKnownFileType = sourcecode.swift; path = journey_explorerUITests.swift; sourceTree = "<group>"; };
		8523E22224440577008E53AD /* Info.plist */ = {isa = PBXFileReference; lastKnownFileType = text.plist.xml; path = Info.plist; sourceTree = "<group>"; };
		8523E237244414ED008E53AD /* journey.storyboard */ = {isa = PBXFileReference; lastKnownFileType = file.storyboard; path = journey.storyboard; sourceTree = "<group>"; };
		8523E23924441529008E53AD /* explorer.storyboard */ = {isa = PBXFileReference; lastKnownFileType = file.storyboard; path = explorer.storyboard; sourceTree = "<group>"; };
		8523E23E24450432008E53AD /* Journey.swift */ = {isa = PBXFileReference; lastKnownFileType = sourcecode.swift; path = Journey.swift; sourceTree = "<group>"; };
		8523E24024450BC6008E53AD /* Explorer.swift */ = {isa = PBXFileReference; lastKnownFileType = sourcecode.swift; path = Explorer.swift; sourceTree = "<group>"; };
		8523E24224451222008E53AD /* JourneyRepository.swift */ = {isa = PBXFileReference; lastKnownFileType = sourcecode.swift; path = JourneyRepository.swift; sourceTree = "<group>"; };
		8523E24424451236008E53AD /* ExplorerRepository.swift */ = {isa = PBXFileReference; lastKnownFileType = sourcecode.swift; path = ExplorerRepository.swift; sourceTree = "<group>"; };
		8523E25424474996008E53AD /* journeyCollectionViewCell.swift */ = {isa = PBXFileReference; lastKnownFileType = sourcecode.swift; path = journeyCollectionViewCell.swift; sourceTree = "<group>"; };
		8523E256244749B4008E53AD /* journeyTableViewCell.swift */ = {isa = PBXFileReference; lastKnownFileType = sourcecode.swift; path = journeyTableViewCell.swift; sourceTree = "<group>"; };
		8523E25824474ACA008E53AD /* journeyTableViewController.swift */ = {isa = PBXFileReference; lastKnownFileType = sourcecode.swift; path = journeyTableViewController.swift; sourceTree = "<group>"; };
		8523E25D2447876A008E53AD /* journeyDetail.storyboard */ = {isa = PBXFileReference; lastKnownFileType = file.storyboard; path = journeyDetail.storyboard; sourceTree = "<group>"; };
		855E22A6244D15A100D79146 /* explorerViewController.swift */ = {isa = PBXFileReference; lastKnownFileType = sourcecode.swift; path = explorerViewController.swift; sourceTree = "<group>"; };
		8578EF872447CDE100D9BE50 /* thumbnailTableViewCell.swift */ = {isa = PBXFileReference; lastKnownFileType = sourcecode.swift; path = thumbnailTableViewCell.swift; sourceTree = "<group>"; };
		8578EF882447CDE100D9BE50 /* thumbnailTableViewCell.xib */ = {isa = PBXFileReference; lastKnownFileType = file.xib; path = thumbnailTableViewCell.xib; sourceTree = "<group>"; };
		8578EF8B2447CE0100D9BE50 /* descriptionTableViewCell.swift */ = {isa = PBXFileReference; lastKnownFileType = sourcecode.swift; path = descriptionTableViewCell.swift; sourceTree = "<group>"; };
		8578EF8C2447CE0100D9BE50 /* descriptionTableViewCell.xib */ = {isa = PBXFileReference; lastKnownFileType = file.xib; path = descriptionTableViewCell.xib; sourceTree = "<group>"; };
		8578EF8F2447CE2200D9BE50 /* learningGoalsTableViewCell.swift */ = {isa = PBXFileReference; lastKnownFileType = sourcecode.swift; path = learningGoalsTableViewCell.swift; sourceTree = "<group>"; };
		8578EF902447CE2200D9BE50 /* learningGoalsTableViewCell.xib */ = {isa = PBXFileReference; lastKnownFileType = file.xib; path = learningGoalsTableViewCell.xib; sourceTree = "<group>"; };
		8578EF932447CE3D00D9BE50 /* constraintsTableViewCell.swift */ = {isa = PBXFileReference; lastKnownFileType = sourcecode.swift; path = constraintsTableViewCell.swift; sourceTree = "<group>"; };
		8578EF942447CE3D00D9BE50 /* constraintsTableViewCell.xib */ = {isa = PBXFileReference; lastKnownFileType = file.xib; path = constraintsTableViewCell.xib; sourceTree = "<group>"; };
		8578EF972447CE5400D9BE50 /* deliverablesTableViewCell.swift */ = {isa = PBXFileReference; lastKnownFileType = sourcecode.swift; path = deliverablesTableViewCell.swift; sourceTree = "<group>"; };
		8578EF982447CE5400D9BE50 /* deliverablesTableViewCell.xib */ = {isa = PBXFileReference; lastKnownFileType = file.xib; path = deliverablesTableViewCell.xib; sourceTree = "<group>"; };
		8578EF9D24480F2C00D9BE50 /* journeyDetailViewController.swift */ = {isa = PBXFileReference; lastKnownFileType = sourcecode.swift; path = journeyDetailViewController.swift; sourceTree = "<group>"; };
		8578EF9F24487FCC00D9BE50 /* JourneyDetailSection.swift */ = {isa = PBXFileReference; lastKnownFileType = sourcecode.swift; path = JourneyDetailSection.swift; sourceTree = "<group>"; };
		8578EFA624491DAA00D9BE50 /* explorerCollectionViewCell.swift */ = {isa = PBXFileReference; lastKnownFileType = sourcecode.swift; path = explorerCollectionViewCell.swift; sourceTree = "<group>"; };
		8578EFA724491DAA00D9BE50 /* explorerCollectionViewCell.xib */ = {isa = PBXFileReference; lastKnownFileType = file.xib; path = explorerCollectionViewCell.xib; sourceTree = "<group>"; };
		8578EFAA244CC95E00D9BE50 /* journeyDetailTableViewController.swift */ = {isa = PBXFileReference; lastKnownFileType = sourcecode.swift; path = journeyDetailTableViewController.swift; sourceTree = "<group>"; };
/* End PBXFileReference section */

/* Begin PBXFrameworksBuildPhase section */
		8523E1F824440576008E53AD /* Frameworks */ = {
			isa = PBXFrameworksBuildPhase;
			buildActionMask = 2147483647;
			files = (
			);
			runOnlyForDeploymentPostprocessing = 0;
		};
		8523E20E24440577008E53AD /* Frameworks */ = {
			isa = PBXFrameworksBuildPhase;
			buildActionMask = 2147483647;
			files = (
			);
			runOnlyForDeploymentPostprocessing = 0;
		};
		8523E21924440577008E53AD /* Frameworks */ = {
			isa = PBXFrameworksBuildPhase;
			buildActionMask = 2147483647;
			files = (
			);
			runOnlyForDeploymentPostprocessing = 0;
		};
/* End PBXFrameworksBuildPhase section */

/* Begin PBXGroup section */
		8523E1F224440576008E53AD = {
			isa = PBXGroup;
			children = (
				8523E1FD24440576008E53AD /* journey-explorer */,
				8523E21424440577008E53AD /* journey-explorerTests */,
				8523E21F24440577008E53AD /* journey-explorerUITests */,
				8523E1FC24440576008E53AD /* Products */,
			);
			sourceTree = "<group>";
		};
		8523E1FC24440576008E53AD /* Products */ = {
			isa = PBXGroup;
			children = (
				8523E1FB24440576008E53AD /* journey-explorer.app */,
				8523E21124440577008E53AD /* journey-explorerTests.xctest */,
				8523E21C24440577008E53AD /* journey-explorerUITests.xctest */,
			);
			name = Products;
			sourceTree = "<group>";
		};
		8523E1FD24440576008E53AD /* journey-explorer */ = {
			isa = PBXGroup;
			children = (
				8523E22F2444117C008E53AD /* domain */,
				8523E23024441217008E53AD /* data */,
				8523E2312444122B008E53AD /* application */,
				8523E22E2444113F008E53AD /* presentation */,
				8523E20C24440577008E53AD /* Info.plist */,
			);
			path = "journey-explorer";
			sourceTree = "<group>";
		};
		8523E21424440577008E53AD /* journey-explorerTests */ = {
			isa = PBXGroup;
			children = (
				8523E21524440577008E53AD /* journey_explorerTests.swift */,
				8523E21724440577008E53AD /* Info.plist */,
			);
			path = "journey-explorerTests";
			sourceTree = "<group>";
		};
		8523E21F24440577008E53AD /* journey-explorerUITests */ = {
			isa = PBXGroup;
			children = (
				8523E22024440577008E53AD /* journey_explorerUITests.swift */,
				8523E22224440577008E53AD /* Info.plist */,
			);
			path = "journey-explorerUITests";
			sourceTree = "<group>";
		};
		8523E22E2444113F008E53AD /* presentation */ = {
			isa = PBXGroup;
			children = (
				8523E233244412B0008E53AD /* scenes */,
				8523E23424441336008E53AD /* views */,
			);
			path = presentation;
			sourceTree = "<group>";
		};
		8523E22F2444117C008E53AD /* domain */ = {
			isa = PBXGroup;
			children = (
				8523E2322444127A008E53AD /* models */,
			);
			path = domain;
			sourceTree = "<group>";
		};
		8523E23024441217008E53AD /* data */ = {
			isa = PBXGroup;
			children = (
				8523E24224451222008E53AD /* JourneyRepository.swift */,
				8523E24424451236008E53AD /* ExplorerRepository.swift */,
			);
			path = data;
			sourceTree = "<group>";
		};
		8523E2312444122B008E53AD /* application */ = {
			isa = PBXGroup;
			children = (
				8523E1FE24440576008E53AD /* AppDelegate.swift */,
				8523E20024440576008E53AD /* SceneDelegate.swift */,
			);
			path = application;
			sourceTree = "<group>";
		};
		8523E2322444127A008E53AD /* models */ = {
			isa = PBXGroup;
			children = (
				8523E23E24450432008E53AD /* Journey.swift */,
				8523E24024450BC6008E53AD /* Explorer.swift */,
			);
			path = models;
			sourceTree = "<group>";
		};
		8523E233244412B0008E53AD /* scenes */ = {
			isa = PBXGroup;
			children = (
				8523E20224440576008E53AD /* ViewController.swift */,
				8523E20424440576008E53AD /* Main.storyboard */,
				8523E20924440577008E53AD /* LaunchScreen.storyboard */,
				8523E23524441468008E53AD /* module-journey */,
				8523E23624441479008E53AD /* module-explorer */,
			);
			path = scenes;
			sourceTree = "<group>";
		};
		8523E23424441336008E53AD /* views */ = {
			isa = PBXGroup;
			children = (
				8523E20724440577008E53AD /* Assets.xcassets */,
			);
			path = views;
			sourceTree = "<group>";
		};
		8523E23524441468008E53AD /* module-journey */ = {
			isa = PBXGroup;
			children = (
				8523E237244414ED008E53AD /* journey.storyboard */,
				8523E25A244786ED008E53AD /* Journey Root Scene */,
				8523E25B2447871B008E53AD /* Journey Detail Scene */,
			);
			path = "module-journey";
			sourceTree = "<group>";
		};
		8523E23624441479008E53AD /* module-explorer */ = {
			isa = PBXGroup;
			children = (
				8578EFA324491D3E00D9BE50 /* Explorer Root Scene */,
				8578EFA424491D5300D9BE50 /* Explorer Detail Scene */,
			);
			path = "module-explorer";
			sourceTree = "<group>";
		};
		8523E23B244483AC008E53AD /* cells */ = {
			isa = PBXGroup;
			children = (
				8523E256244749B4008E53AD /* journeyTableViewCell.swift */,
				8523E25424474996008E53AD /* journeyCollectionViewCell.swift */,
			);
			path = cells;
			sourceTree = "<group>";
		};
		8523E25A244786ED008E53AD /* Journey Root Scene */ = {
			isa = PBXGroup;
			children = (
				8523E25824474ACA008E53AD /* journeyTableViewController.swift */,
				8523E23B244483AC008E53AD /* cells */,
			);
			path = "Journey Root Scene";
			sourceTree = "<group>";
		};
		8523E25B2447871B008E53AD /* Journey Detail Scene */ = {
			isa = PBXGroup;
			children = (
				8523E25D2447876A008E53AD /* journeyDetail.storyboard */,
				8578EF9F24487FCC00D9BE50 /* JourneyDetailSection.swift */,
				8578EF9D24480F2C00D9BE50 /* journeyDetailViewController.swift */,
				8578EFAA244CC95E00D9BE50 /* journeyDetailTableViewController.swift */,
				8523E25C24478747008E53AD /* cells */,
			);
			path = "Journey Detail Scene";
			sourceTree = "<group>";
		};
		8523E25C24478747008E53AD /* cells */ = {
			isa = PBXGroup;
			children = (
				8578EF822447CCB500D9BE50 /* thumbnail */,
				8578EF852447CCFA00D9BE50 /* description */,
				8578EF842447CCF100D9BE50 /* learning goals */,
				8578EF832447CCDD00D9BE50 /* constraints */,
				8578EF862447CD6700D9BE50 /* deliverables */,
			);
			path = cells;
			sourceTree = "<group>";
		};
		8578EF822447CCB500D9BE50 /* thumbnail */ = {
			isa = PBXGroup;
			children = (
				8578EF872447CDE100D9BE50 /* thumbnailTableViewCell.swift */,
				8578EF882447CDE100D9BE50 /* thumbnailTableViewCell.xib */,
			);
			path = thumbnail;
			sourceTree = "<group>";
		};
		8578EF832447CCDD00D9BE50 /* constraints */ = {
			isa = PBXGroup;
			children = (
				8578EF932447CE3D00D9BE50 /* constraintsTableViewCell.swift */,
				8578EF942447CE3D00D9BE50 /* constraintsTableViewCell.xib */,
			);
			path = constraints;
			sourceTree = "<group>";
		};
		8578EF842447CCF100D9BE50 /* learning goals */ = {
			isa = PBXGroup;
			children = (
				8578EF8F2447CE2200D9BE50 /* learningGoalsTableViewCell.swift */,
				8578EF902447CE2200D9BE50 /* learningGoalsTableViewCell.xib */,
			);
			path = "learning goals";
			sourceTree = "<group>";
		};
		8578EF852447CCFA00D9BE50 /* description */ = {
			isa = PBXGroup;
			children = (
				8578EF8B2447CE0100D9BE50 /* descriptionTableViewCell.swift */,
				8578EF8C2447CE0100D9BE50 /* descriptionTableViewCell.xib */,
			);
			path = description;
			sourceTree = "<group>";
		};
		8578EF862447CD6700D9BE50 /* deliverables */ = {
			isa = PBXGroup;
			children = (
				8578EF972447CE5400D9BE50 /* deliverablesTableViewCell.swift */,
				8578EF982447CE5400D9BE50 /* deliverablesTableViewCell.xib */,
			);
			path = deliverables;
			sourceTree = "<group>";
		};
		8578EFA324491D3E00D9BE50 /* Explorer Root Scene */ = {
			isa = PBXGroup;
			children = (
				8523E23924441529008E53AD /* explorer.storyboard */,
				855E22A6244D15A100D79146 /* explorerViewController.swift */,
				8578EFA524491D6B00D9BE50 /* cells */,
			);
			path = "Explorer Root Scene";
			sourceTree = "<group>";
		};
		8578EFA424491D5300D9BE50 /* Explorer Detail Scene */ = {
			isa = PBXGroup;
			children = (
			);
			path = "Explorer Detail Scene";
			sourceTree = "<group>";
		};
		8578EFA524491D6B00D9BE50 /* cells */ = {
			isa = PBXGroup;
			children = (
				8578EFA624491DAA00D9BE50 /* explorerCollectionViewCell.swift */,
				8578EFA724491DAA00D9BE50 /* explorerCollectionViewCell.xib */,
			);
			path = cells;
			sourceTree = "<group>";
		};
/* End PBXGroup section */

/* Begin PBXNativeTarget section */
		8523E1FA24440576008E53AD /* journey-explorer */ = {
			isa = PBXNativeTarget;
			buildConfigurationList = 8523E22524440577008E53AD /* Build configuration list for PBXNativeTarget "journey-explorer" */;
			buildPhases = (
				8523E1F724440576008E53AD /* Sources */,
				8523E1F824440576008E53AD /* Frameworks */,
				8523E1F924440576008E53AD /* Resources */,
			);
			buildRules = (
			);
			dependencies = (
			);
			name = "journey-explorer";
			productName = "journey-explorer";
			productReference = 8523E1FB24440576008E53AD /* journey-explorer.app */;
			productType = "com.apple.product-type.application";
		};
		8523E21024440577008E53AD /* journey-explorerTests */ = {
			isa = PBXNativeTarget;
			buildConfigurationList = 8523E22824440577008E53AD /* Build configuration list for PBXNativeTarget "journey-explorerTests" */;
			buildPhases = (
				8523E20D24440577008E53AD /* Sources */,
				8523E20E24440577008E53AD /* Frameworks */,
				8523E20F24440577008E53AD /* Resources */,
			);
			buildRules = (
			);
			dependencies = (
				8523E21324440577008E53AD /* PBXTargetDependency */,
			);
			name = "journey-explorerTests";
			productName = "journey-explorerTests";
			productReference = 8523E21124440577008E53AD /* journey-explorerTests.xctest */;
			productType = "com.apple.product-type.bundle.unit-test";
		};
		8523E21B24440577008E53AD /* journey-explorerUITests */ = {
			isa = PBXNativeTarget;
			buildConfigurationList = 8523E22B24440577008E53AD /* Build configuration list for PBXNativeTarget "journey-explorerUITests" */;
			buildPhases = (
				8523E21824440577008E53AD /* Sources */,
				8523E21924440577008E53AD /* Frameworks */,
				8523E21A24440577008E53AD /* Resources */,
			);
			buildRules = (
			);
			dependencies = (
				8523E21E24440577008E53AD /* PBXTargetDependency */,
			);
			name = "journey-explorerUITests";
			productName = "journey-explorerUITests";
			productReference = 8523E21C24440577008E53AD /* journey-explorerUITests.xctest */;
			productType = "com.apple.product-type.bundle.ui-testing";
		};
/* End PBXNativeTarget section */

/* Begin PBXProject section */
		8523E1F324440576008E53AD /* Project object */ = {
			isa = PBXProject;
			attributes = {
				LastSwiftUpdateCheck = 1140;
				LastUpgradeCheck = 1140;
				ORGANIZATIONNAME = "Tony Varian Yoditanto";
				TargetAttributes = {
					8523E1FA24440576008E53AD = {
						CreatedOnToolsVersion = 11.4;
					};
					8523E21024440577008E53AD = {
						CreatedOnToolsVersion = 11.4;
						TestTargetID = 8523E1FA24440576008E53AD;
					};
					8523E21B24440577008E53AD = {
						CreatedOnToolsVersion = 11.4;
						TestTargetID = 8523E1FA24440576008E53AD;
					};
				};
			};
			buildConfigurationList = 8523E1F624440576008E53AD /* Build configuration list for PBXProject "journey-explorer" */;
			compatibilityVersion = "Xcode 9.3";
			developmentRegion = en;
			hasScannedForEncodings = 0;
			knownRegions = (
				en,
				Base,
			);
			mainGroup = 8523E1F224440576008E53AD;
			productRefGroup = 8523E1FC24440576008E53AD /* Products */;
			projectDirPath = "";
			projectRoot = "";
			targets = (
				8523E1FA24440576008E53AD /* journey-explorer */,
				8523E21024440577008E53AD /* journey-explorerTests */,
				8523E21B24440577008E53AD /* journey-explorerUITests */,
			);
		};
/* End PBXProject section */

/* Begin PBXResourcesBuildPhase section */
		8523E1F924440576008E53AD /* Resources */ = {
			isa = PBXResourcesBuildPhase;
			buildActionMask = 2147483647;
			files = (
				8523E20B24440577008E53AD /* LaunchScreen.storyboard in Resources */,
				8578EF9A2447CE5400D9BE50 /* deliverablesTableViewCell.xib in Resources */,
				8523E238244414ED008E53AD /* journey.storyboard in Resources */,
				8578EF962447CE3D00D9BE50 /* constraintsTableViewCell.xib in Resources */,
				8523E23A24441529008E53AD /* explorer.storyboard in Resources */,
				8578EF8A2447CDE100D9BE50 /* thumbnailTableViewCell.xib in Resources */,
				8578EF8E2447CE0100D9BE50 /* descriptionTableViewCell.xib in Resources */,
				8578EFA924491DAA00D9BE50 /* explorerCollectionViewCell.xib in Resources */,
				8523E20824440577008E53AD /* Assets.xcassets in Resources */,
				8523E25E2447876A008E53AD /* journeyDetail.storyboard in Resources */,
				8523E20624440576008E53AD /* Main.storyboard in Resources */,
				8578EF922447CE2200D9BE50 /* learningGoalsTableViewCell.xib in Resources */,
			);
			runOnlyForDeploymentPostprocessing = 0;
		};
		8523E20F24440577008E53AD /* Resources */ = {
			isa = PBXResourcesBuildPhase;
			buildActionMask = 2147483647;
			files = (
			);
			runOnlyForDeploymentPostprocessing = 0;
		};
		8523E21A24440577008E53AD /* Resources */ = {
			isa = PBXResourcesBuildPhase;
			buildActionMask = 2147483647;
			files = (
			);
			runOnlyForDeploymentPostprocessing = 0;
		};
/* End PBXResourcesBuildPhase section */

/* Begin PBXSourcesBuildPhase section */
		8523E1F724440576008E53AD /* Sources */ = {
			isa = PBXSourcesBuildPhase;
			buildActionMask = 2147483647;
			files = (
				8523E24124450BC6008E53AD /* Explorer.swift in Sources */,
				8523E257244749B4008E53AD /* journeyTableViewCell.swift in Sources */,
				8578EF9E24480F2D00D9BE50 /* journeyDetailViewController.swift in Sources */,
				8523E20324440576008E53AD /* ViewController.swift in Sources */,
				8523E24324451222008E53AD /* JourneyRepository.swift in Sources */,
				8578EF912447CE2200D9BE50 /* learningGoalsTableViewCell.swift in Sources */,
				8523E24524451236008E53AD /* ExplorerRepository.swift in Sources */,
				8523E1FF24440576008E53AD /* AppDelegate.swift in Sources */,
				8578EF952447CE3D00D9BE50 /* constraintsTableViewCell.swift in Sources */,
				8523E25924474ACA008E53AD /* journeyTableViewController.swift in Sources */,
				855E22A7244D15A100D79146 /* explorerViewController.swift in Sources */,
				8523E20124440576008E53AD /* SceneDelegate.swift in Sources */,
				8578EFAB244CC95E00D9BE50 /* journeyDetailTableViewController.swift in Sources */,
				8523E25524474996008E53AD /* journeyCollectionViewCell.swift in Sources */,
				8523E23F24450432008E53AD /* Journey.swift in Sources */,
				8578EF892447CDE100D9BE50 /* thumbnailTableViewCell.swift in Sources */,
				8578EF8D2447CE0100D9BE50 /* descriptionTableViewCell.swift in Sources */,
				8578EF992447CE5400D9BE50 /* deliverablesTableViewCell.swift in Sources */,
				8578EFA824491DAA00D9BE50 /* explorerCollectionViewCell.swift in Sources */,
				8578EFA024487FCC00D9BE50 /* JourneyDetailSection.swift in Sources */,
			);
			runOnlyForDeploymentPostprocessing = 0;
		};
		8523E20D24440577008E53AD /* Sources */ = {
			isa = PBXSourcesBuildPhase;
			buildActionMask = 2147483647;
			files = (
				8523E21624440577008E53AD /* journey_explorerTests.swift in Sources */,
			);
			runOnlyForDeploymentPostprocessing = 0;
		};
		8523E21824440577008E53AD /* Sources */ = {
			isa = PBXSourcesBuildPhase;
			buildActionMask = 2147483647;
			files = (
				8523E22124440577008E53AD /* journey_explorerUITests.swift in Sources */,
			);
			runOnlyForDeploymentPostprocessing = 0;
		};
/* End PBXSourcesBuildPhase section */

/* Begin PBXTargetDependency section */
		8523E21324440577008E53AD /* PBXTargetDependency */ = {
			isa = PBXTargetDependency;
			target = 8523E1FA24440576008E53AD /* journey-explorer */;
			targetProxy = 8523E21224440577008E53AD /* PBXContainerItemProxy */;
		};
		8523E21E24440577008E53AD /* PBXTargetDependency */ = {
			isa = PBXTargetDependency;
			target = 8523E1FA24440576008E53AD /* journey-explorer */;
			targetProxy = 8523E21D24440577008E53AD /* PBXContainerItemProxy */;
		};
/* End PBXTargetDependency section */

/* Begin PBXVariantGroup section */
		8523E20424440576008E53AD /* Main.storyboard */ = {
			isa = PBXVariantGroup;
			children = (
				8523E20524440576008E53AD /* Base */,
			);
			name = Main.storyboard;
			sourceTree = "<group>";
		};
		8523E20924440577008E53AD /* LaunchScreen.storyboard */ = {
			isa = PBXVariantGroup;
			children = (
				8523E20A24440577008E53AD /* Base */,
			);
			name = LaunchScreen.storyboard;
			sourceTree = "<group>";
		};
/* End PBXVariantGroup section */

/* Begin XCBuildConfiguration section */
		8523E22324440577008E53AD /* Debug */ = {
			isa = XCBuildConfiguration;
			buildSettings = {
				ALWAYS_SEARCH_USER_PATHS = NO;
				CLANG_ANALYZER_NONNULL = YES;
				CLANG_ANALYZER_NUMBER_OBJECT_CONVERSION = YES_AGGRESSIVE;
				CLANG_CXX_LANGUAGE_STANDARD = "gnu++14";
				CLANG_CXX_LIBRARY = "libc++";
				CLANG_ENABLE_MODULES = YES;
				CLANG_ENABLE_OBJC_ARC = YES;
				CLANG_ENABLE_OBJC_WEAK = YES;
				CLANG_WARN_BLOCK_CAPTURE_AUTORELEASING = YES;
				CLANG_WARN_BOOL_CONVERSION = YES;
				CLANG_WARN_COMMA = YES;
				CLANG_WARN_CONSTANT_CONVERSION = YES;
				CLANG_WARN_DEPRECATED_OBJC_IMPLEMENTATIONS = YES;
				CLANG_WARN_DIRECT_OBJC_ISA_USAGE = YES_ERROR;
				CLANG_WARN_DOCUMENTATION_COMMENTS = YES;
				CLANG_WARN_EMPTY_BODY = YES;
				CLANG_WARN_ENUM_CONVERSION = YES;
				CLANG_WARN_INFINITE_RECURSION = YES;
				CLANG_WARN_INT_CONVERSION = YES;
				CLANG_WARN_NON_LITERAL_NULL_CONVERSION = YES;
				CLANG_WARN_OBJC_IMPLICIT_RETAIN_SELF = YES;
				CLANG_WARN_OBJC_LITERAL_CONVERSION = YES;
				CLANG_WARN_OBJC_ROOT_CLASS = YES_ERROR;
				CLANG_WARN_RANGE_LOOP_ANALYSIS = YES;
				CLANG_WARN_STRICT_PROTOTYPES = YES;
				CLANG_WARN_SUSPICIOUS_MOVE = YES;
				CLANG_WARN_UNGUARDED_AVAILABILITY = YES_AGGRESSIVE;
				CLANG_WARN_UNREACHABLE_CODE = YES;
				CLANG_WARN__DUPLICATE_METHOD_MATCH = YES;
				COPY_PHASE_STRIP = NO;
				DEBUG_INFORMATION_FORMAT = dwarf;
				ENABLE_STRICT_OBJC_MSGSEND = YES;
				ENABLE_TESTABILITY = YES;
				GCC_C_LANGUAGE_STANDARD = gnu11;
				GCC_DYNAMIC_NO_PIC = NO;
				GCC_NO_COMMON_BLOCKS = YES;
				GCC_OPTIMIZATION_LEVEL = 0;
				GCC_PREPROCESSOR_DEFINITIONS = (
					"DEBUG=1",
					"$(inherited)",
				);
				GCC_WARN_64_TO_32_BIT_CONVERSION = YES;
				GCC_WARN_ABOUT_RETURN_TYPE = YES_ERROR;
				GCC_WARN_UNDECLARED_SELECTOR = YES;
				GCC_WARN_UNINITIALIZED_AUTOS = YES_AGGRESSIVE;
				GCC_WARN_UNUSED_FUNCTION = YES;
				GCC_WARN_UNUSED_VARIABLE = YES;
				IPHONEOS_DEPLOYMENT_TARGET = 13.4;
				MTL_ENABLE_DEBUG_INFO = INCLUDE_SOURCE;
				MTL_FAST_MATH = YES;
				ONLY_ACTIVE_ARCH = YES;
				SDKROOT = iphoneos;
				SWIFT_ACTIVE_COMPILATION_CONDITIONS = DEBUG;
				SWIFT_OPTIMIZATION_LEVEL = "-Onone";
			};
			name = Debug;
		};
		8523E22424440577008E53AD /* Release */ = {
			isa = XCBuildConfiguration;
			buildSettings = {
				ALWAYS_SEARCH_USER_PATHS = NO;
				CLANG_ANALYZER_NONNULL = YES;
				CLANG_ANALYZER_NUMBER_OBJECT_CONVERSION = YES_AGGRESSIVE;
				CLANG_CXX_LANGUAGE_STANDARD = "gnu++14";
				CLANG_CXX_LIBRARY = "libc++";
				CLANG_ENABLE_MODULES = YES;
				CLANG_ENABLE_OBJC_ARC = YES;
				CLANG_ENABLE_OBJC_WEAK = YES;
				CLANG_WARN_BLOCK_CAPTURE_AUTORELEASING = YES;
				CLANG_WARN_BOOL_CONVERSION = YES;
				CLANG_WARN_COMMA = YES;
				CLANG_WARN_CONSTANT_CONVERSION = YES;
				CLANG_WARN_DEPRECATED_OBJC_IMPLEMENTATIONS = YES;
				CLANG_WARN_DIRECT_OBJC_ISA_USAGE = YES_ERROR;
				CLANG_WARN_DOCUMENTATION_COMMENTS = YES;
				CLANG_WARN_EMPTY_BODY = YES;
				CLANG_WARN_ENUM_CONVERSION = YES;
				CLANG_WARN_INFINITE_RECURSION = YES;
				CLANG_WARN_INT_CONVERSION = YES;
				CLANG_WARN_NON_LITERAL_NULL_CONVERSION = YES;
				CLANG_WARN_OBJC_IMPLICIT_RETAIN_SELF = YES;
				CLANG_WARN_OBJC_LITERAL_CONVERSION = YES;
				CLANG_WARN_OBJC_ROOT_CLASS = YES_ERROR;
				CLANG_WARN_RANGE_LOOP_ANALYSIS = YES;
				CLANG_WARN_STRICT_PROTOTYPES = YES;
				CLANG_WARN_SUSPICIOUS_MOVE = YES;
				CLANG_WARN_UNGUARDED_AVAILABILITY = YES_AGGRESSIVE;
				CLANG_WARN_UNREACHABLE_CODE = YES;
				CLANG_WARN__DUPLICATE_METHOD_MATCH = YES;
				COPY_PHASE_STRIP = NO;
				DEBUG_INFORMATION_FORMAT = "dwarf-with-dsym";
				ENABLE_NS_ASSERTIONS = NO;
				ENABLE_STRICT_OBJC_MSGSEND = YES;
				GCC_C_LANGUAGE_STANDARD = gnu11;
				GCC_NO_COMMON_BLOCKS = YES;
				GCC_WARN_64_TO_32_BIT_CONVERSION = YES;
				GCC_WARN_ABOUT_RETURN_TYPE = YES_ERROR;
				GCC_WARN_UNDECLARED_SELECTOR = YES;
				GCC_WARN_UNINITIALIZED_AUTOS = YES_AGGRESSIVE;
				GCC_WARN_UNUSED_FUNCTION = YES;
				GCC_WARN_UNUSED_VARIABLE = YES;
				IPHONEOS_DEPLOYMENT_TARGET = 13.4;
				MTL_ENABLE_DEBUG_INFO = NO;
				MTL_FAST_MATH = YES;
				SDKROOT = iphoneos;
				SWIFT_COMPILATION_MODE = wholemodule;
				SWIFT_OPTIMIZATION_LEVEL = "-O";
				VALIDATE_PRODUCT = YES;
			};
			name = Release;
		};
		8523E22624440577008E53AD /* Debug */ = {
			isa = XCBuildConfiguration;
			buildSettings = {
				ASSETCATALOG_COMPILER_APPICON_NAME = AppIcon;
				CODE_SIGN_STYLE = Automatic;
				DEVELOPMENT_TEAM = 73D6FXNB5K;
				INFOPLIST_FILE = "journey-explorer/Info.plist";
				IPHONEOS_DEPLOYMENT_TARGET = 13.4;
				LD_RUNPATH_SEARCH_PATHS = (
					"$(inherited)",
					"@executable_path/Frameworks",
				);
				PRODUCT_BUNDLE_IDENTIFIER = "com.example.apple-samplecode.journey-explorer";
				PRODUCT_NAME = "$(TARGET_NAME)";
				SWIFT_VERSION = 5.0;
				TARGETED_DEVICE_FAMILY = "1,2";
			};
			name = Debug;
		};
		8523E22724440577008E53AD /* Release */ = {
			isa = XCBuildConfiguration;
			buildSettings = {
				ASSETCATALOG_COMPILER_APPICON_NAME = AppIcon;
				CODE_SIGN_STYLE = Automatic;
				DEVELOPMENT_TEAM = 73D6FXNB5K;
				INFOPLIST_FILE = "journey-explorer/Info.plist";
				IPHONEOS_DEPLOYMENT_TARGET = 13.4;
				LD_RUNPATH_SEARCH_PATHS = (
					"$(inherited)",
					"@executable_path/Frameworks",
				);
				PRODUCT_BUNDLE_IDENTIFIER = "com.example.apple-samplecode.journey-explorer";
				PRODUCT_NAME = "$(TARGET_NAME)";
				SWIFT_VERSION = 5.0;
				TARGETED_DEVICE_FAMILY = "1,2";
			};
			name = Release;
		};
		8523E22924440577008E53AD /* Debug */ = {
			isa = XCBuildConfiguration;
			buildSettings = {
				ALWAYS_EMBED_SWIFT_STANDARD_LIBRARIES = YES;
				BUNDLE_LOADER = "$(TEST_HOST)";
				CODE_SIGN_STYLE = Automatic;
				DEVELOPMENT_TEAM = 73D6FXNB5K;
				INFOPLIST_FILE = "journey-explorerTests/Info.plist";
				IPHONEOS_DEPLOYMENT_TARGET = 13.4;
				LD_RUNPATH_SEARCH_PATHS = (
					"$(inherited)",
					"@executable_path/Frameworks",
					"@loader_path/Frameworks",
				);
				PRODUCT_BUNDLE_IDENTIFIER = "com.example.apple-samplecode.journey-explorerTests";
				PRODUCT_NAME = "$(TARGET_NAME)";
				SWIFT_VERSION = 5.0;
				TARGETED_DEVICE_FAMILY = "1,2";
				TEST_HOST = "$(BUILT_PRODUCTS_DIR)/journey-explorer.app/journey-explorer";
			};
			name = Debug;
		};
		8523E22A24440577008E53AD /* Release */ = {
			isa = XCBuildConfiguration;
			buildSettings = {
				ALWAYS_EMBED_SWIFT_STANDARD_LIBRARIES = YES;
				BUNDLE_LOADER = "$(TEST_HOST)";
				CODE_SIGN_STYLE = Automatic;
				DEVELOPMENT_TEAM = 73D6FXNB5K;
				INFOPLIST_FILE = "journey-explorerTests/Info.plist";
				IPHONEOS_DEPLOYMENT_TARGET = 13.4;
				LD_RUNPATH_SEARCH_PATHS = (
					"$(inherited)",
					"@executable_path/Frameworks",
					"@loader_path/Frameworks",
				);
				PRODUCT_BUNDLE_IDENTIFIER = "com.example.apple-samplecode.journey-explorerTests";
				PRODUCT_NAME = "$(TARGET_NAME)";
				SWIFT_VERSION = 5.0;
				TARGETED_DEVICE_FAMILY = "1,2";
				TEST_HOST = "$(BUILT_PRODUCTS_DIR)/journey-explorer.app/journey-explorer";
			};
			name = Release;
		};
		8523E22C24440577008E53AD /* Debug */ = {
			isa = XCBuildConfiguration;
			buildSettings = {
				ALWAYS_EMBED_SWIFT_STANDARD_LIBRARIES = YES;
				CODE_SIGN_STYLE = Automatic;
				DEVELOPMENT_TEAM = 73D6FXNB5K;
				INFOPLIST_FILE = "journey-explorerUITests/Info.plist";
				LD_RUNPATH_SEARCH_PATHS = (
					"$(inherited)",
					"@executable_path/Frameworks",
					"@loader_path/Frameworks",
				);
				PRODUCT_BUNDLE_IDENTIFIER = "com.example.apple-samplecode.journey-explorerUITests";
				PRODUCT_NAME = "$(TARGET_NAME)";
				SWIFT_VERSION = 5.0;
				TARGETED_DEVICE_FAMILY = "1,2";
				TEST_TARGET_NAME = "journey-explorer";
			};
			name = Debug;
		};
		8523E22D24440577008E53AD /* Release */ = {
			isa = XCBuildConfiguration;
			buildSettings = {
				ALWAYS_EMBED_SWIFT_STANDARD_LIBRARIES = YES;
				CODE_SIGN_STYLE = Automatic;
				DEVELOPMENT_TEAM = 73D6FXNB5K;
				INFOPLIST_FILE = "journey-explorerUITests/Info.plist";
				LD_RUNPATH_SEARCH_PATHS = (
					"$(inherited)",
					"@executable_path/Frameworks",
					"@loader_path/Frameworks",
				);
				PRODUCT_BUNDLE_IDENTIFIER = "com.example.apple-samplecode.journey-explorerUITests";
				PRODUCT_NAME = "$(TARGET_NAME)";
				SWIFT_VERSION = 5.0;
				TARGETED_DEVICE_FAMILY = "1,2";
				TEST_TARGET_NAME = "journey-explorer";
			};
			name = Release;
		};
/* End XCBuildConfiguration section */

/* Begin XCConfigurationList section */
		8523E1F624440576008E53AD /* Build configuration list for PBXProject "journey-explorer" */ = {
			isa = XCConfigurationList;
			buildConfigurations = (
				8523E22324440577008E53AD /* Debug */,
				8523E22424440577008E53AD /* Release */,
			);
			defaultConfigurationIsVisible = 0;
			defaultConfigurationName = Release;
		};
		8523E22524440577008E53AD /* Build configuration list for PBXNativeTarget "journey-explorer" */ = {
			isa = XCConfigurationList;
			buildConfigurations = (
				8523E22624440577008E53AD /* Debug */,
				8523E22724440577008E53AD /* Release */,
			);
			defaultConfigurationIsVisible = 0;
			defaultConfigurationName = Release;
		};
		8523E22824440577008E53AD /* Build configuration list for PBXNativeTarget "journey-explorerTests" */ = {
			isa = XCConfigurationList;
			buildConfigurations = (
				8523E22924440577008E53AD /* Debug */,
				8523E22A24440577008E53AD /* Release */,
			);
			defaultConfigurationIsVisible = 0;
			defaultConfigurationName = Release;
		};
		8523E22B24440577008E53AD /* Build configuration list for PBXNativeTarget "journey-explorerUITests" */ = {
			isa = XCConfigurationList;
			buildConfigurations = (
				8523E22C24440577008E53AD /* Debug */,
				8523E22D24440577008E53AD /* Release */,
			);
			defaultConfigurationIsVisible = 0;
			defaultConfigurationName = Release;
		};
/* End XCConfigurationList section */
	};
	rootObject = 8523E1F324440576008E53AD /* Project object */;
}
